
Microsoft Visual Studio Solution File, Format Version 12.00
# Visual Studio Version 17
VisualStudioVersion = 17.11.35303.130
MinimumVisualStudioVersion = 10.0.40219.1
Project("{2150E333-8FDC-42A3-9474-1A3956D46DE8}") = "Task0", "Task0", "{694B39C1-2A56-4937-B79D-A307C795F1E5}"
EndProject
Project("{9A19103F-16F7-4668-BE54-9A1E7A4F7556}") = "Tyuiu.StoyakinNM.Sprint2.Task0.V21", "Tyuiu.StoyakinNM.Sprint2.Task0.V21\Tyuiu.StoyakinNM.Sprint2.Task0.V21.csproj", "{B9F6F062-2771-454F-B8E0-C480475B988B}"
EndProject
Project("{9A19103F-16F7-4668-BE54-9A1E7A4F7556}") = "Tyuiu.StoyakinNM.Sprint2.Task0.V21.Lib", "Tyuiu.StoyakinNM.Sprint2.Task0.V21.Lib\Tyuiu.StoyakinNM.Sprint2.Task0.V21.Lib.csproj", "{E1AFFCB7-B41B-4AD9-A100-05E5B9C1553F}"
EndProject
Project("{9A19103F-16F7-4668-BE54-9A1E7A4F7556}") = "Tyuiu.StoyakinNM.Sprint2.Task0.V21.Test", "Tyuiu.StoyakinNM.Sprint2.Task0.V21.Test\Tyuiu.StoyakinNM.Sprint2.Task0.V21.Test.csproj", "{5591E6E4-7914-4D7C-BEDB-53B921A2A379}"
EndProject
Project("{2150E333-8FDC-42A3-9474-1A3956D46DE8}") = "Task1", "Task1", "{BADFD79E-0B70-43F3-904E-4864670913CD}"
EndProject
Project("{9A19103F-16F7-4668-BE54-9A1E7A4F7556}") = "Tyuiu.StoyakinNM.Sprint2.Task1.V6", "Tyuiu.StoyakinNM.Sprint2.Task1.V6\Tyuiu.StoyakinNM.Sprint2.Task1.V6.csproj", "{EAEA26A6-05F8-405B-BF94-91D9262AD8F2}"
EndProject
Project("{9A19103F-16F7-4668-BE54-9A1E7A4F7556}") = "Tyuiu.StoyakinNM.Sprint2.Task1.V6.Lib", "Tyuiu.StoyakinNM.Sprint2.Task1.V6.Lib\Tyuiu.StoyakinNM.Sprint2.Task1.V6.Lib.csproj", "{1FD87BC1-EB20-4CB8-A667-8DEF4EEFBD0B}"
EndProject
Project("{9A19103F-16F7-4668-BE54-9A1E7A4F7556}") = "Tyuiu.StoyakinNM.Sprint2.Task1.V6.Test", "Tyuiu.StoyakinNM.Sprint2.Task1.V6.Test\Tyuiu.StoyakinNM.Sprint2.Task1.V6.Test.csproj", "{8A4B29E1-81D7-41AE-A734-B3D6A56ABD7D}"
EndProject
Project("{2150E333-8FDC-42A3-9474-1A3956D46DE8}") = "Task2", "Task2", "{5BE9407F-44DE-4771-8A33-70B852E5A343}"
EndProject
Project("{9A19103F-16F7-4668-BE54-9A1E7A4F7556}") = "Tyuiu.StoyakinNM.Sprint2.Task2.V22", "Tyuiu.StoyakinNM.Sprint2.Task2.V22\Tyuiu.StoyakinNM.Sprint2.Task2.V22.csproj", "{10CB902E-081E-46D4-A752-9D5354E10286}"
EndProject
Project("{9A19103F-16F7-4668-BE54-9A1E7A4F7556}") = "Tyuiu.StoyakinNM.Sprint2.Task2.V22.Lib", "Tyuiu.StoyakinNM.Sprint2.Task2.V22.Lib\Tyuiu.StoyakinNM.Sprint2.Task2.V22.Lib.csproj", "{AD5EA746-D08D-40EF-8600-EA3FAB33A65D}"
EndProject
Project("{9A19103F-16F7-4668-BE54-9A1E7A4F7556}") = "Tyuiu.StoyakinNM.Sprint2.Task2.V22.Test", "Tyuiu.StoyakinNM.Sprint2.Task2.V22.Test\Tyuiu.StoyakinNM.Sprint2.Task2.V22.Test.csproj", "{D4426B77-01A1-41D3-BACB-B9A798E74DFF}"
EndProject
Project("{2150E333-8FDC-42A3-9474-1A3956D46DE8}") = "Task3", "Task3", "{5E8D4B72-814D-47DF-B542-A103A3490CE7}"
EndProject
Project("{FAE04EC0-301F-11D3-BF4B-00C04F79EFBC}") = "Tyuiu.StoyakinNM.Sprint2.Task3.V26", "Tyuiu.StoyakinNM.Sprint2.Task3.V26\Tyuiu.StoyakinNM.Sprint2.Task3.V26.csproj", "{49B35072-88F5-4CA1-B1CF-CE7FDC9F898E}"
EndProject
Project("{FAE04EC0-301F-11D3-BF4B-00C04F79EFBC}") = "Tyuiu.StoyakinNM.Sprint2.Task3.V26.Lib", "Tyuiu.StoyakinNM.Sprint2.Task3.V26.Lib\Tyuiu.StoyakinNM.Sprint2.Task3.V26.Lib.csproj", "{88C6823D-B78D-4232-AF0D-D4485B587F69}"
EndProject
Project("{FAE04EC0-301F-11D3-BF4B-00C04F79EFBC}") = "Tyuiu.StoyakinNM.Sprint2.Task3.V26.Tetst", "Tyuiu.StoyakinNM.Sprint2.Task3.V26.Tetst\Tyuiu.StoyakinNM.Sprint2.Task3.V26.Tetst.csproj", "{F7A488FF-A2A8-4D4E-8F4D-53001FDCE315}"
EndProject
Project("{2150E333-8FDC-42A3-9474-1A3956D46DE8}") = "Task4", "Task4", "{F45B6C24-AFCC-46E8-B7E1-4DF62BB11681}"
EndProject
Global
	GlobalSection(SolutionConfigurationPlatforms) = preSolution
		Debug|Any CPU = Debug|Any CPU
		Release|Any CPU = Release|Any CPU
	EndGlobalSection
	GlobalSection(ProjectConfigurationPlatforms) = postSolution
		{B9F6F062-2771-454F-B8E0-C480475B988B}.Debug|Any CPU.ActiveCfg = Debug|Any CPU
		{B9F6F062-2771-454F-B8E0-C480475B988B}.Debug|Any CPU.Build.0 = Debug|Any CPU
		{B9F6F062-2771-454F-B8E0-C480475B988B}.Release|Any CPU.ActiveCfg = Release|Any CPU
		{B9F6F062-2771-454F-B8E0-C480475B988B}.Release|Any CPU.Build.0 = Release|Any CPU
		{E1AFFCB7-B41B-4AD9-A100-05E5B9C1553F}.Debug|Any CPU.ActiveCfg = Debug|Any CPU
		{E1AFFCB7-B41B-4AD9-A100-05E5B9C1553F}.Debug|Any CPU.Build.0 = Debug|Any CPU
		{E1AFFCB7-B41B-4AD9-A100-05E5B9C1553F}.Release|Any CPU.ActiveCfg = Release|Any CPU
		{E1AFFCB7-B41B-4AD9-A100-05E5B9C1553F}.Release|Any CPU.Build.0 = Release|Any CPU
		{5591E6E4-7914-4D7C-BEDB-53B921A2A379}.Debug|Any CPU.ActiveCfg = Debug|Any CPU
		{5591E6E4-7914-4D7C-BEDB-53B921A2A379}.Debug|Any CPU.Build.0 = Debug|Any CPU
		{5591E6E4-7914-4D7C-BEDB-53B921A2A379}.Release|Any CPU.ActiveCfg = Release|Any CPU
		{5591E6E4-7914-4D7C-BEDB-53B921A2A379}.Release|Any CPU.Build.0 = Release|Any CPU
		{EAEA26A6-05F8-405B-BF94-91D9262AD8F2}.Debug|Any CPU.ActiveCfg = Debug|Any CPU
		{EAEA26A6-05F8-405B-BF94-91D9262AD8F2}.Debug|Any CPU.Build.0 = Debug|Any CPU
		{EAEA26A6-05F8-405B-BF94-91D9262AD8F2}.Release|Any CPU.ActiveCfg = Release|Any CPU
		{EAEA26A6-05F8-405B-BF94-91D9262AD8F2}.Release|Any CPU.Build.0 = Release|Any CPU
		{1FD87BC1-EB20-4CB8-A667-8DEF4EEFBD0B}.Debug|Any CPU.ActiveCfg = Debug|Any CPU
		{1FD87BC1-EB20-4CB8-A667-8DEF4EEFBD0B}.Debug|Any CPU.Build.0 = Debug|Any CPU
		{1FD87BC1-EB20-4CB8-A667-8DEF4EEFBD0B}.Release|Any CPU.ActiveCfg = Release|Any CPU
		{1FD87BC1-EB20-4CB8-A667-8DEF4EEFBD0B}.Release|Any CPU.Build.0 = Release|Any CPU
		{8A4B29E1-81D7-41AE-A734-B3D6A56ABD7D}.Debug|Any CPU.ActiveCfg = Debug|Any CPU
		{8A4B29E1-81D7-41AE-A734-B3D6A56ABD7D}.Debug|Any CPU.Build.0 = Debug|Any CPU
		{8A4B29E1-81D7-41AE-A734-B3D6A56ABD7D}.Release|Any CPU.ActiveCfg = Release|Any CPU
		{8A4B29E1-81D7-41AE-A734-B3D6A56ABD7D}.Release|Any CPU.Build.0 = Release|Any CPU
		{10CB902E-081E-46D4-A752-9D5354E10286}.Debug|Any CPU.ActiveCfg = Debug|Any CPU
		{10CB902E-081E-46D4-A752-9D5354E10286}.Debug|Any CPU.Build.0 = Debug|Any CPU
		{10CB902E-081E-46D4-A752-9D5354E10286}.Release|Any CPU.ActiveCfg = Release|Any CPU
		{10CB902E-081E-46D4-A752-9D5354E10286}.Release|Any CPU.Build.0 = Release|Any CPU
		{AD5EA746-D08D-40EF-8600-EA3FAB33A65D}.Debug|Any CPU.ActiveCfg = Debug|Any CPU
		{AD5EA746-D08D-40EF-8600-EA3FAB33A65D}.Debug|Any CPU.Build.0 = Debug|Any CPU
		{AD5EA746-D08D-40EF-8600-EA3FAB33A65D}.Release|Any CPU.ActiveCfg = Release|Any CPU
		{AD5EA746-D08D-40EF-8600-EA3FAB33A65D}.Release|Any CPU.Build.0 = Release|Any CPU
		{D4426B77-01A1-41D3-BACB-B9A798E74DFF}.Debug|Any CPU.ActiveCfg = Debug|Any CPU
		{D4426B77-01A1-41D3-BACB-B9A798E74DFF}.Debug|Any CPU.Build.0 = Debug|Any CPU
		{D4426B77-01A1-41D3-BACB-B9A798E74DFF}.Release|Any CPU.ActiveCfg = Release|Any CPU
		{D4426B77-01A1-41D3-BACB-B9A798E74DFF}.Release|Any CPU.Build.0 = Release|Any CPU
		{49B35072-88F5-4CA1-B1CF-CE7FDC9F898E}.Debug|Any CPU.ActiveCfg = Debug|Any CPU
		{49B35072-88F5-4CA1-B1CF-CE7FDC9F898E}.Debug|Any CPU.Build.0 = Debug|Any CPU
		{49B35072-88F5-4CA1-B1CF-CE7FDC9F898E}.Release|Any CPU.ActiveCfg = Release|Any CPU
		{49B35072-88F5-4CA1-B1CF-CE7FDC9F898E}.Release|Any CPU.Build.0 = Release|Any CPU
		{88C6823D-B78D-4232-AF0D-D4485B587F69}.Debug|Any CPU.ActiveCfg = Debug|Any CPU
		{88C6823D-B78D-4232-AF0D-D4485B587F69}.Debug|Any CPU.Build.0 = Debug|Any CPU
		{88C6823D-B78D-4232-AF0D-D4485B587F69}.Release|Any CPU.ActiveCfg = Release|Any CPU
		{88C6823D-B78D-4232-AF0D-D4485B587F69}.Release|Any CPU.Build.0 = Release|Any CPU
		{F7A488FF-A2A8-4D4E-8F4D-53001FDCE315}.Debug|Any CPU.ActiveCfg = Debug|Any CPU
		{F7A488FF-A2A8-4D4E-8F4D-53001FDCE315}.Debug|Any CPU.Build.0 = Debug|Any CPU
		{F7A488FF-A2A8-4D4E-8F4D-53001FDCE315}.Release|Any CPU.ActiveCfg = Release|Any CPU
		{F7A488FF-A2A8-4D4E-8F4D-53001FDCE315}.Release|Any CPU.Build.0 = Release|Any CPU
	EndGlobalSection
	GlobalSection(SolutionProperties) = preSolution
		HideSolutionNode = FALSE
	EndGlobalSection
	GlobalSection(NestedProjects) = preSolution
		{B9F6F062-2771-454F-B8E0-C480475B988B} = {694B39C1-2A56-4937-B79D-A307C795F1E5}
		{E1AFFCB7-B41B-4AD9-A100-05E5B9C1553F} = {694B39C1-2A56-4937-B79D-A307C795F1E5}
		{5591E6E4-7914-4D7C-BEDB-53B921A2A379} = {694B39C1-2A56-4937-B79D-A307C795F1E5}
		{EAEA26A6-05F8-405B-BF94-91D9262AD8F2} = {BADFD79E-0B70-43F3-904E-4864670913CD}
		{1FD87BC1-EB20-4CB8-A667-8DEF4EEFBD0B} = {BADFD79E-0B70-43F3-904E-4864670913CD}
		{8A4B29E1-81D7-41AE-A734-B3D6A56ABD7D} = {BADFD79E-0B70-43F3-904E-4864670913CD}
		{10CB902E-081E-46D4-A752-9D5354E10286} = {5BE9407F-44DE-4771-8A33-70B852E5A343}
		{AD5EA746-D08D-40EF-8600-EA3FAB33A65D} = {5BE9407F-44DE-4771-8A33-70B852E5A343}
		{D4426B77-01A1-41D3-BACB-B9A798E74DFF} = {5BE9407F-44DE-4771-8A33-70B852E5A343}
		{49B35072-88F5-4CA1-B1CF-CE7FDC9F898E} = {5E8D4B72-814D-47DF-B542-A103A3490CE7}
		{88C6823D-B78D-4232-AF0D-D4485B587F69} = {5E8D4B72-814D-47DF-B542-A103A3490CE7}
		{F7A488FF-A2A8-4D4E-8F4D-53001FDCE315} = {5E8D4B72-814D-47DF-B542-A103A3490CE7}
	EndGlobalSection
	GlobalSection(ExtensibilityGlobals) = postSolution
		SolutionGuid = {AC6E7B4D-70CF-488A-9367-CF449BF904E1}
	EndGlobalSection
EndGlobal
