
Microsoft Visual Studio Solution File, Format Version 12.00
# Visual Studio Version 17
VisualStudioVersion = 17.11.35303.130
MinimumVisualStudioVersion = 10.0.40219.1
Project("{2150E333-8FDC-42A3-9474-1A3956D46DE8}") = "Task0", "Task0", "{694B39C1-2A56-4937-B79D-A307C795F1E5}"
EndProject
Project("{FAE04EC0-301F-11D3-BF4B-00C04F79EFBC}") = "Tyuiu.StoyakinNM.Sprint2.Task0.V21", "Tyuiu.StoyakinNM.Sprint2.Task0.V21\Tyuiu.StoyakinNM.Sprint2.Task0.V21.csproj", "{B9F6F062-2771-454F-B8E0-C480475B988B}"
EndProject
Project("{FAE04EC0-301F-11D3-BF4B-00C04F79EFBC}") = "Tyuiu.StoyakinNM.Sprint2.Task0.V21.Lib", "Tyuiu.StoyakinNM.Sprint2.Task0.V21.Lib\Tyuiu.StoyakinNM.Sprint2.Task0.V21.Lib.csproj", "{E1AFFCB7-B41B-4AD9-A100-05E5B9C1553F}"
EndProject
Project("{FAE04EC0-301F-11D3-BF4B-00C04F79EFBC}") = "Tyuiu.StoyakinNM.Sprint2.Task0.V21.Test", "Tyuiu.StoyakinNM.Sprint2.Task0.V21.Test\Tyuiu.StoyakinNM.Sprint2.Task0.V21.Test.csproj", "{5591E6E4-7914-4D7C-BEDB-53B921A2A379}"
EndProject
Global
	GlobalSection(SolutionConfigurationPlatforms) = preSolution
		Debug|Any CPU = Debug|Any CPU
		Release|Any CPU = Release|Any CPU
	EndGlobalSection
	GlobalSection(ProjectConfigurationPlatforms) = postSolution
		{B9F6F062-2771-454F-B8E0-C480475B988B}.Debug|Any CPU.ActiveCfg = Debug|Any CPU
		{B9F6F062-2771-454F-B8E0-C480475B988B}.Debug|Any CPU.Build.0 = Debug|Any CPU
		{B9F6F062-2771-454F-B8E0-C480475B988B}.Release|Any CPU.ActiveCfg = Release|Any CPU
		{B9F6F062-2771-454F-B8E0-C480475B988B}.Release|Any CPU.Build.0 = Release|Any CPU
		{E1AFFCB7-B41B-4AD9-A100-05E5B9C1553F}.Debug|Any CPU.ActiveCfg = Debug|Any CPU
		{E1AFFCB7-B41B-4AD9-A100-05E5B9C1553F}.Debug|Any CPU.Build.0 = Debug|Any CPU
		{E1AFFCB7-B41B-4AD9-A100-05E5B9C1553F}.Release|Any CPU.ActiveCfg = Release|Any CPU
		{E1AFFCB7-B41B-4AD9-A100-05E5B9C1553F}.Release|Any CPU.Build.0 = Release|Any CPU
		{5591E6E4-7914-4D7C-BEDB-53B921A2A379}.Debug|Any CPU.ActiveCfg = Debug|Any CPU
		{5591E6E4-7914-4D7C-BEDB-53B921A2A379}.Debug|Any CPU.Build.0 = Debug|Any CPU
		{5591E6E4-7914-4D7C-BEDB-53B921A2A379}.Release|Any CPU.ActiveCfg = Release|Any CPU
		{5591E6E4-7914-4D7C-BEDB-53B921A2A379}.Release|Any CPU.Build.0 = Release|Any CPU
	EndGlobalSection
	GlobalSection(SolutionProperties) = preSolution
		HideSolutionNode = FALSE
	EndGlobalSection
	GlobalSection(NestedProjects) = preSolution
		{B9F6F062-2771-454F-B8E0-C480475B988B} = {694B39C1-2A56-4937-B79D-A307C795F1E5}
		{E1AFFCB7-B41B-4AD9-A100-05E5B9C1553F} = {694B39C1-2A56-4937-B79D-A307C795F1E5}
		{5591E6E4-7914-4D7C-BEDB-53B921A2A379} = {694B39C1-2A56-4937-B79D-A307C795F1E5}
	EndGlobalSection
	GlobalSection(ExtensibilityGlobals) = postSolution
		SolutionGuid = {AC6E7B4D-70CF-488A-9367-CF449BF904E1}
	EndGlobalSection
EndGlobal
